
Microsoft Visual Studio Solution File, Format Version 12.00
# Visual Studio Version 17
Project("{2150E333-8FDC-42A3-9474-1A3956D46DE8}") = "CMakePredefinedTargets", "CMakePredefinedTargets", "{5886BE12-7D24-3D22-874D-0D3C8D7B11EA}"
EndProject
Project("{2150E333-8FDC-42A3-9474-1A3956D46DE8}") = "GLFW3", "GLFW3", "{D49CC2DD-FA69-307C-B766-8678F05D7915}"
EndProject
Project("{8BC9CEB8-8B4A-11D0-8D11-00A0C91BC942}") = "ALL_BUILD", "ALL_BUILD.vcxproj", "{500FAB02-A886-3B2F-BB1A-16D0FEB5AE88}"
	ProjectSection(ProjectDependencies) = postProject
		{63E225B1-F99C-3AD1-9B7C-5FE7F55CD050} = {63E225B1-F99C-3AD1-9B7C-5FE7F55CD050}
		{BBDE6BC1-1EFF-337F-BEBE-E4FF9EE8D604} = {BBDE6BC1-1EFF-337F-BEBE-E4FF9EE8D604}
		{9DCDCE02-27B3-3ADB-A4A0-4EBDBBF9F458} = {9DCDCE02-27B3-3ADB-A4A0-4EBDBBF9F458}
	EndProjectSection
EndProject
Project("{8BC9CEB8-8B4A-11D0-8D11-00A0C91BC942}") = "GAME_APPLICATION", "GAME_APPLICATION.vcxproj", "{63E225B1-F99C-3AD1-9B7C-5FE7F55CD050}"
	ProjectSection(ProjectDependencies) = postProject
		{BBDE6BC1-1EFF-337F-BEBE-E4FF9EE8D604} = {BBDE6BC1-1EFF-337F-BEBE-E4FF9EE8D604}
		{9DCDCE02-27B3-3ADB-A4A0-4EBDBBF9F458} = {9DCDCE02-27B3-3ADB-A4A0-4EBDBBF9F458}
	EndProjectSection
EndProject
Project("{8BC9CEB8-8B4A-11D0-8D11-00A0C91BC942}") = "ZERO_CHECK", "ZERO_CHECK.vcxproj", "{BBDE6BC1-1EFF-337F-BEBE-E4FF9EE8D604}"
	ProjectSection(ProjectDependencies) = postProject
	EndProjectSection
EndProject
Project("{8BC9CEB8-8B4A-11D0-8D11-00A0C91BC942}") = "glfw", "vendor\glfw\src\glfw.vcxproj", "{9DCDCE02-27B3-3ADB-A4A0-4EBDBBF9F458}"
	ProjectSection(ProjectDependencies) = postProject
		{BBDE6BC1-1EFF-337F-BEBE-E4FF9EE8D604} = {BBDE6BC1-1EFF-337F-BEBE-E4FF9EE8D604}
	EndProjectSection
EndProject
Global
	GlobalSection(SolutionConfigurationPlatforms) = preSolution
		Debug|x64 = Debug|x64
		Release|x64 = Release|x64
		MinSizeRel|x64 = MinSizeRel|x64
		RelWithDebInfo|x64 = RelWithDebInfo|x64
	EndGlobalSection
	GlobalSection(ProjectConfigurationPlatforms) = postSolution
		{500FAB02-A886-3B2F-BB1A-16D0FEB5AE88}.Debug|x64.ActiveCfg = Debug|x64
		{500FAB02-A886-3B2F-BB1A-16D0FEB5AE88}.Release|x64.ActiveCfg = Release|x64
		{500FAB02-A886-3B2F-BB1A-16D0FEB5AE88}.MinSizeRel|x64.ActiveCfg = MinSizeRel|x64
		{500FAB02-A886-3B2F-BB1A-16D0FEB5AE88}.RelWithDebInfo|x64.ActiveCfg = RelWithDebInfo|x64
		{63E225B1-F99C-3AD1-9B7C-5FE7F55CD050}.Debug|x64.ActiveCfg = Debug|x64
		{63E225B1-F99C-3AD1-9B7C-5FE7F55CD050}.Debug|x64.Build.0 = Debug|x64
		{63E225B1-F99C-3AD1-9B7C-5FE7F55CD050}.Release|x64.ActiveCfg = Release|x64
		{63E225B1-F99C-3AD1-9B7C-5FE7F55CD050}.Release|x64.Build.0 = Release|x64
		{63E225B1-F99C-3AD1-9B7C-5FE7F55CD050}.MinSizeRel|x64.ActiveCfg = MinSizeRel|x64
		{63E225B1-F99C-3AD1-9B7C-5FE7F55CD050}.MinSizeRel|x64.Build.0 = MinSizeRel|x64
		{63E225B1-F99C-3AD1-9B7C-5FE7F55CD050}.RelWithDebInfo|x64.ActiveCfg = RelWithDebInfo|x64
		{63E225B1-F99C-3AD1-9B7C-5FE7F55CD050}.RelWithDebInfo|x64.Build.0 = RelWithDebInfo|x64
		{BBDE6BC1-1EFF-337F-BEBE-E4FF9EE8D604}.Debug|x64.ActiveCfg = Debug|x64
		{BBDE6BC1-1EFF-337F-BEBE-E4FF9EE8D604}.Debug|x64.Build.0 = Debug|x64
		{BBDE6BC1-1EFF-337F-BEBE-E4FF9EE8D604}.Release|x64.ActiveCfg = Release|x64
		{BBDE6BC1-1EFF-337F-BEBE-E4FF9EE8D604}.Release|x64.Build.0 = Release|x64
		{BBDE6BC1-1EFF-337F-BEBE-E4FF9EE8D604}.MinSizeRel|x64.ActiveCfg = MinSizeRel|x64
		{BBDE6BC1-1EFF-337F-BEBE-E4FF9EE8D604}.MinSizeRel|x64.Build.0 = MinSizeRel|x64
		{BBDE6BC1-1EFF-337F-BEBE-E4FF9EE8D604}.RelWithDebInfo|x64.ActiveCfg = RelWithDebInfo|x64
		{BBDE6BC1-1EFF-337F-BEBE-E4FF9EE8D604}.RelWithDebInfo|x64.Build.0 = RelWithDebInfo|x64
		{9DCDCE02-27B3-3ADB-A4A0-4EBDBBF9F458}.Debug|x64.ActiveCfg = Debug|x64
		{9DCDCE02-27B3-3ADB-A4A0-4EBDBBF9F458}.Debug|x64.Build.0 = Debug|x64
		{9DCDCE02-27B3-3ADB-A4A0-4EBDBBF9F458}.Release|x64.ActiveCfg = Release|x64
		{9DCDCE02-27B3-3ADB-A4A0-4EBDBBF9F458}.Release|x64.Build.0 = Release|x64
		{9DCDCE02-27B3-3ADB-A4A0-4EBDBBF9F458}.MinSizeRel|x64.ActiveCfg = MinSizeRel|x64
		{9DCDCE02-27B3-3ADB-A4A0-4EBDBBF9F458}.MinSizeRel|x64.Build.0 = MinSizeRel|x64
		{9DCDCE02-27B3-3ADB-A4A0-4EBDBBF9F458}.RelWithDebInfo|x64.ActiveCfg = RelWithDebInfo|x64
		{9DCDCE02-27B3-3ADB-A4A0-4EBDBBF9F458}.RelWithDebInfo|x64.Build.0 = RelWithDebInfo|x64
	EndGlobalSection
	GlobalSection(NestedProjects) = preSolution
		{500FAB02-A886-3B2F-BB1A-16D0FEB5AE88} = {5886BE12-7D24-3D22-874D-0D3C8D7B11EA}
		{BBDE6BC1-1EFF-337F-BEBE-E4FF9EE8D604} = {5886BE12-7D24-3D22-874D-0D3C8D7B11EA}
		{9DCDCE02-27B3-3ADB-A4A0-4EBDBBF9F458} = {D49CC2DD-FA69-307C-B766-8678F05D7915}
	EndGlobalSection
	GlobalSection(ExtensibilityGlobals) = postSolution
		SolutionGuid = {E7B00DD3-3F8E-360A-8A60-11D3514A338C}
	EndGlobalSection
	GlobalSection(ExtensibilityAddIns) = postSolution
	EndGlobalSection
EndGlobal
